<?xml version="1.0" encoding="utf-8"?>
<Project ToolsVersion="4.0" xmlns="http://schemas.microsoft.com/developer/msbuild/2003">
  <ItemGroup>
    <ClCompile Include="main.cpp" />
    <ClCompile Include="MainWindow.cpp" />
    <ClCompile Include="StackLayoutTest1.cpp" />
    <ClCompile Include="StackLayoutTest2.cpp" />
    <ClCompile Include="StackLayoutTest3.cpp" />
    <ClCompile Include="StackLayoutTest4.cpp" />
  </ItemGroup>
  <ItemGroup>
    <ClInclude Include="resource.h" />
    <ClInclude Include="MainWindow.h" />
    <ClInclude Include="StackLayoutTest1.h" />
    <ClInclude Include="StackLayoutTest2.h" />
    <ClInclude Include="StackLayoutTest3.h" />
    <ClInclude Include="StackLayoutTest4.h" />
  </ItemGroup>
  <ItemGroup>
    <ResourceCompile Include="Demo.rc" />
  </ItemGroup>
  <ItemGroup>
    <Image Include="icon1.ico" />
  </ItemGroup>
</Project>